// !$*UTF8*$!
{
	archiveVersion = 1;
	classes = {
	};
	objectVersion = 77;
	objects = {

/* Begin PBXBuildFile section */
		4AE961D2216C016269F600D8 /* Pods_JLPT_ALL_TEST.framework in Frameworks */ = {isa = PBXBuildFile; fileRef = 4C2788BD66F142A7AF0CB83C /* Pods_JLPT_ALL_TEST.framework */; };
/* End PBXBuildFile section */

/* Begin PBXFileReference section */
		4C2788BD66F142A7AF0CB83C /* Pods_JLPT_ALL_TEST.framework */ = {isa = PBXFileReference; explicitFileType = wrapper.framework; includeInIndex = 0; path = Pods_JLPT_ALL_TEST.framework; sourceTree = BUILT_PRODUCTS_DIR; };
		86A664DC2D8C4FC300837F5D /* JLPT ALL TEST.app */ = {isa = PBXFileReference; explicitFileType = wrapper.application; includeInIndex = 0; path = "JLPT ALL TEST.app"; sourceTree = BUILT_PRODUCTS_DIR; };
		D4D72C0CB2AE60E27AFEC0C1 /* Pods-JLPT ALL TEST.release.xcconfig */ = {isa = PBXFileReference; includeInIndex = 1; lastKnownFileType = text.xcconfig; name = "Pods-JLPT ALL TEST.release.xcconfig"; path = "Target Support Files/Pods-JLPT ALL TEST/Pods-JLPT ALL TEST.release.xcconfig"; sourceTree = "<group>"; };
		F3BDD57104AC74A15391B3AE /* Pods-JLPT ALL TEST.debug.xcconfig */ = {isa = PBXFileReference; includeInIndex = 1; lastKnownFileType = text.xcconfig; name = "Pods-JLPT ALL TEST.debug.xcconfig"; path = "Target Support Files/Pods-JLPT ALL TEST/Pods-JLPT ALL TEST.debug.xcconfig"; sourceTree = "<group>"; };
/* End PBXFileReference section */

/* Begin PBXFileSystemSynchronizedBuildFileExceptionSet section */
		86A664EE2D8C4FC500837F5D /* Exceptions for "JLPT ALL TEST" folder in "JLPT ALL TEST" target */ = {
			isa = PBXFileSystemSynchronizedBuildFileExceptionSet;
			membershipExceptions = (
				Info.plist,
			);
			target = 86A664DB2D8C4FC300837F5D /* JLPT ALL TEST */;
		};
/* End PBXFileSystemSynchronizedBuildFileExceptionSet section */

/* Begin PBXFileSystemSynchronizedRootGroup section */
		8601E0232D8D44C300A4FE14 /* Controller */ = {
			isa = PBXFileSystemSynchronizedRootGroup;
			exceptions = (
			);
			path = Controller;
			sourceTree = "<group>";
		};
		8601E02C2D8D44C600A4FE14 /* Model */ = {
			isa = PBXFileSystemSynchronizedRootGroup;
			exceptions = (
			);
			path = Model;
			sourceTree = "<group>";
		};
		8601E0352D8D44C800A4FE14 /* View */ = {
			isa = PBXFileSystemSynchronizedRootGroup;
			exceptions = (
			);
			path = View;
			sourceTree = "<group>";
		};
		866C7CE52D8DADFB00EF158B /* N1Audio */ = {
			isa = PBXFileSystemSynchronizedRootGroup;
			exceptions = (
			);
			path = N1Audio;
			sourceTree = "<group>";
		};
		86A664DE2D8C4FC300837F5D /* JLPT ALL TEST */ = {
			isa = PBXFileSystemSynchronizedRootGroup;
			exceptions = (
				86A664EE2D8C4FC500837F5D /* Exceptions for "JLPT ALL TEST" folder in "JLPT ALL TEST" target */,
			);
			path = "JLPT ALL TEST";
			sourceTree = "<group>";
		};
/* End PBXFileSystemSynchronizedRootGroup section */

/* Begin PBXFrameworksBuildPhase section */
		86A664D92D8C4FC300837F5D /* Frameworks */ = {
			isa = PBXFrameworksBuildPhase;
			buildActionMask = 2147483647;
			files = (
				4AE961D2216C016269F600D8 /* Pods_JLPT_ALL_TEST.framework in Frameworks */,
			);
			runOnlyForDeploymentPostprocessing = 0;
		};
/* End PBXFrameworksBuildPhase section */

/* Begin PBXGroup section */
		64E53394C15E77A6D293DC3D /* Frameworks */ = {
			isa = PBXGroup;
			children = (
				4C2788BD66F142A7AF0CB83C /* Pods_JLPT_ALL_TEST.framework */,
			);
			name = Frameworks;
			sourceTree = "<group>";
		};
		86A664D32D8C4FC300837F5D = {
			isa = PBXGroup;
			children = (
				866C7CE52D8DADFB00EF158B /* N1Audio */,
				8601E0352D8D44C800A4FE14 /* View */,
				8601E02C2D8D44C600A4FE14 /* Model */,
				8601E0232D8D44C300A4FE14 /* Controller */,
				86A664DE2D8C4FC300837F5D /* JLPT ALL TEST */,
				86A664DD2D8C4FC300837F5D /* Products */,
				9047D6C306A7CE4796EA2F79 /* Pods */,
				64E53394C15E77A6D293DC3D /* Frameworks */,
			);
			sourceTree = "<group>";
		};
		86A664DD2D8C4FC300837F5D /* Products */ = {
			isa = PBXGroup;
			children = (
				86A664DC2D8C4FC300837F5D /* JLPT ALL TEST.app */,
			);
			name = Products;
			sourceTree = "<group>";
		};
		9047D6C306A7CE4796EA2F79 /* Pods */ = {
			isa = PBXGroup;
			children = (
				F3BDD57104AC74A15391B3AE /* Pods-JLPT ALL TEST.debug.xcconfig */,
				D4D72C0CB2AE60E27AFEC0C1 /* Pods-JLPT ALL TEST.release.xcconfig */,
			);
			path = Pods;
			sourceTree = "<group>";
		};
/* End PBXGroup section */

/* Begin PBXNativeTarget section */
		86A664DB2D8C4FC300837F5D /* JLPT ALL TEST */ = {
			isa = PBXNativeTarget;
			buildConfigurationList = 86A664EF2D8C4FC500837F5D /* Build configuration list for PBXNativeTarget "JLPT ALL TEST" */;
			buildPhases = (
				BA77A006ED1F8F161F4D1670 /* [CP] Check Pods Manifest.lock */,
				86A664D82D8C4FC300837F5D /* Sources */,
				86A664D92D8C4FC300837F5D /* Frameworks */,
				86A664DA2D8C4FC300837F5D /* Resources */,
			);
			buildRules = (
			);
			dependencies = (
			);
			fileSystemSynchronizedGroups = (
				8601E0232D8D44C300A4FE14 /* Controller */,
				8601E02C2D8D44C600A4FE14 /* Model */,
				8601E0352D8D44C800A4FE14 /* View */,
				866C7CE52D8DADFB00EF158B /* N1Audio */,
				86A664DE2D8C4FC300837F5D /* JLPT ALL TEST */,
			);
			name = "JLPT ALL TEST";
			productName = "JLPT ALL TEST";
			productReference = 86A664DC2D8C4FC300837F5D /* JLPT ALL TEST.app */;
			productType = "com.apple.product-type.application";
		};
/* End PBXNativeTarget section */

/* Begin PBXProject section */
		86A664D42D8C4FC300837F5D /* Project object */ = {
			isa = PBXProject;
			attributes = {
				BuildIndependentTargetsInParallel = 1;
				LastSwiftUpdateCheck = 1600;
				LastUpgradeCheck = 1600;
				TargetAttributes = {
					86A664DB2D8C4FC300837F5D = {
						CreatedOnToolsVersion = 16.0;
					};
				};
			};
			buildConfigurationList = 86A664D72D8C4FC300837F5D /* Build configuration list for PBXProject "JLPT ALL TEST" */;
			developmentRegion = en;
			hasScannedForEncodings = 0;
			knownRegions = (
				en,
				Base,
			);
			mainGroup = 86A664D32D8C4FC300837F5D;
			minimizedProjectReferenceProxies = 1;
			preferredProjectObjectVersion = 77;
			productRefGroup = 86A664DD2D8C4FC300837F5D /* Products */;
			projectDirPath = "";
			projectRoot = "";
			targets = (
				86A664DB2D8C4FC300837F5D /* JLPT ALL TEST */,
			);
		};
/* End PBXProject section */

/* Begin PBXResourcesBuildPhase section */
		86A664DA2D8C4FC300837F5D /* Resources */ = {
			isa = PBXResourcesBuildPhase;
			buildActionMask = 2147483647;
			files = (
			);
			runOnlyForDeploymentPostprocessing = 0;
		};
/* End PBXResourcesBuildPhase section */

/* Begin PBXShellScriptBuildPhase section */
		BA77A006ED1F8F161F4D1670 /* [CP] Check Pods Manifest.lock */ = {
			isa = PBXShellScriptBuildPhase;
			buildActionMask = 2147483647;
			files = (
			);
			inputFileListPaths = (
			);
			inputPaths = (
				"${PODS_PODFILE_DIR_PATH}/Podfile.lock",
				"${PODS_ROOT}/Manifest.lock",
			);
			name = "[CP] Check Pods Manifest.lock";
			outputFileListPaths = (
			);
			outputPaths = (
				"$(DERIVED_FILE_DIR)/Pods-JLPT ALL TEST-checkManifestLockResult.txt",
			);
			runOnlyForDeploymentPostprocessing = 0;
			shellPath = /bin/sh;
			shellScript = "diff \"${PODS_PODFILE_DIR_PATH}/Podfile.lock\" \"${PODS_ROOT}/Manifest.lock\" > /dev/null\nif [ $? != 0 ] ; then\n    # print error to STDERR\n    echo \"error: The sandbox is not in sync with the Podfile.lock. Run 'pod install' or update your CocoaPods installation.\" >&2\n    exit 1\nfi\n# This output is used by Xcode 'outputs' to avoid re-running this script phase.\necho \"SUCCESS\" > \"${SCRIPT_OUTPUT_FILE_0}\"\n";
			showEnvVarsInLog = 0;
		};
/* End PBXShellScriptBuildPhase section */

/* Begin PBXSourcesBuildPhase section */
		86A664D82D8C4FC300837F5D /* Sources */ = {
			isa = PBXSourcesBuildPhase;
			buildActionMask = 2147483647;
			files = (
			);
			runOnlyForDeploymentPostprocessing = 0;
		};
/* End PBXSourcesBuildPhase section */

/* Begin XCBuildConfiguration section */
		86A664F02D8C4FC500837F5D /* Debug */ = {
			isa = XCBuildConfiguration;
			baseConfigurationReference = F3BDD57104AC74A15391B3AE /* Pods-JLPT ALL TEST.debug.xcconfig */;
			buildSettings = {
				ASSETCATALOG_COMPILER_APPICON_NAME = AppIcon;
				ASSETCATALOG_COMPILER_GLOBAL_ACCENT_COLOR_NAME = AccentColor;
				CODE_SIGN_STYLE = Automatic;
				CURRENT_PROJECT_VERSION = 1;
				DEVELOPMENT_TEAM = DUBPMF36TD;
				GENERATE_INFOPLIST_FILE = YES;
				INFOPLIST_FILE = "JLPT ALL TEST/Info.plist";
				INFOPLIST_KEY_UIApplicationSupportsIndirectInputEvents = YES;
				INFOPLIST_KEY_UILaunchStoryboardName = LaunchScreen;
				INFOPLIST_KEY_UISupportedInterfaceOrientations_iPad = "UIInterfaceOrientationPortrait UIInterfaceOrientationPortraitUpsideDown UIInterfaceOrientationLandscapeLeft UIInterfaceOrientationLandscapeRight";
				INFOPLIST_KEY_UISupportedInterfaceOrientations_iPhone = "UIInterfaceOrientationPortrait UIInterfaceOrientationLandscapeLeft UIInterfaceOrientationLandscapeRight";
				LD_RUNPATH_SEARCH_PATHS = (
					"$(inherited)",
					"@executable_path/Frameworks",
				);
				MARKETING_VERSION = 1.0;
				PRODUCT_BUNDLE_IDENTIFIER = "Jaemin.JLPT-ALL-TEST";
				PRODUCT_NAME = "$(TARGET_NAME)";
				SWIFT_EMIT_LOC_STRINGS = YES;
				SWIFT_VERSION = 5.0;
				TARGETED_DEVICE_FAMILY = "1,2";
			};
			name = Debug;
		};
		86A664F12D8C4FC500837F5D /* Release */ = {
			isa = XCBuildConfiguration;
			baseConfigurationReference = D4D72C0CB2AE60E27AFEC0C1 /* Pods-JLPT ALL TEST.release.xcconfig */;
			buildSettings = {
				ASSETCATALOG_COMPILER_APPICON_NAME = AppIcon;
				ASSETCATALOG_COMPILER_GLOBAL_ACCENT_COLOR_NAME = AccentColor;
				CODE_SIGN_STYLE = Automatic;
				CURRENT_PROJECT_VERSION = 1;
				DEVELOPMENT_TEAM = DUBPMF36TD;
				GENERATE_INFOPLIST_FILE = YES;
				INFOPLIST_FILE = "JLPT ALL TEST/Info.plist";
				INFOPLIST_KEY_UIApplicationSupportsIndirectInputEvents = YES;
				INFOPLIST_KEY_UILaunchStoryboardName = LaunchScreen;
				INFOPLIST_KEY_UISupportedInterfaceOrientations_iPad = "UIInterfaceOrientationPortrait UIInterfaceOrientationPortraitUpsideDown UIInterfaceOrientationLandscapeLeft UIInterfaceOrientationLandscapeRight";
				INFOPLIST_KEY_UISupportedInterfaceOrientations_iPhone = "UIInterfaceOrientationPortrait UIInterfaceOrientationLandscapeLeft UIInterfaceOrientationLandscapeRight";
				LD_RUNPATH_SEARCH_PATHS = (
					"$(inherited)",
					"@executable_path/Frameworks",
				);
				MARKETING_VERSION = 1.0;
				PRODUCT_BUNDLE_IDENTIFIER = "Jaemin.JLPT-ALL-TEST";
				PRODUCT_NAME = "$(TARGET_NAME)";
				SWIFT_EMIT_LOC_STRINGS = YES;
				SWIFT_VERSION = 5.0;
				TARGETED_DEVICE_FAMILY = "1,2";
			};
			name = Release;
		};
		86A664F22D8C4FC500837F5D /* Debug */ = {
			isa = XCBuildConfiguration;
			buildSettings = {
				ALWAYS_SEARCH_USER_PATHS = NO;
				ASSETCATALOG_COMPILER_GENERATE_SWIFT_ASSET_SYMBOL_EXTENSIONS = YES;
				CLANG_ANALYZER_NONNULL = YES;
				CLANG_ANALYZER_NUMBER_OBJECT_CONVERSION = YES_AGGRESSIVE;
				CLANG_CXX_LANGUAGE_STANDARD = "gnu++20";
				CLANG_ENABLE_MODULES = YES;
				CLANG_ENABLE_OBJC_ARC = YES;
				CLANG_ENABLE_OBJC_WEAK = YES;
				CLANG_WARN_BLOCK_CAPTURE_AUTORELEASING = YES;
				CLANG_WARN_BOOL_CONVERSION = YES;
				CLANG_WARN_COMMA = YES;
				CLANG_WARN_CONSTANT_CONVERSION = YES;
				CLANG_WARN_DEPRECATED_OBJC_IMPLEMENTATIONS = YES;
				CLANG_WARN_DIRECT_OBJC_ISA_USAGE = YES_ERROR;
				CLANG_WARN_DOCUMENTATION_COMMENTS = YES;
				CLANG_WARN_EMPTY_BODY = YES;
				CLANG_WARN_ENUM_CONVERSION = YES;
				CLANG_WARN_INFINITE_RECURSION = YES;
				CLANG_WARN_INT_CONVERSION = YES;
				CLANG_WARN_NON_LITERAL_NULL_CONVERSION = YES;
				CLANG_WARN_OBJC_IMPLICIT_RETAIN_SELF = YES;
				CLANG_WARN_OBJC_LITERAL_CONVERSION = YES;
				CLANG_WARN_OBJC_ROOT_CLASS = YES_ERROR;
				CLANG_WARN_QUOTED_INCLUDE_IN_FRAMEWORK_HEADER = YES;
				CLANG_WARN_RANGE_LOOP_ANALYSIS = YES;
				CLANG_WARN_STRICT_PROTOTYPES = YES;
				CLANG_WARN_SUSPICIOUS_MOVE = YES;
				CLANG_WARN_UNGUARDED_AVAILABILITY = YES_AGGRESSIVE;
				CLANG_WARN_UNREACHABLE_CODE = YES;
				CLANG_WARN__DUPLICATE_METHOD_MATCH = YES;
				COPY_PHASE_STRIP = NO;
				DEBUG_INFORMATION_FORMAT = dwarf;
				ENABLE_STRICT_OBJC_MSGSEND = YES;
				ENABLE_TESTABILITY = YES;
				ENABLE_USER_SCRIPT_SANDBOXING = NO;
				GCC_C_LANGUAGE_STANDARD = gnu17;
				GCC_DYNAMIC_NO_PIC = NO;
				GCC_NO_COMMON_BLOCKS = YES;
				GCC_OPTIMIZATION_LEVEL = 0;
				GCC_PREPROCESSOR_DEFINITIONS = (
					"DEBUG=1",
					"$(inherited)",
				);
				GCC_WARN_64_TO_32_BIT_CONVERSION = YES;
				GCC_WARN_ABOUT_RETURN_TYPE = YES_ERROR;
				GCC_WARN_UNDECLARED_SELECTOR = YES;
				GCC_WARN_UNINITIALIZED_AUTOS = YES_AGGRESSIVE;
				GCC_WARN_UNUSED_FUNCTION = YES;
				GCC_WARN_UNUSED_VARIABLE = YES;
				IPHONEOS_DEPLOYMENT_TARGET = 18.0;
				LOCALIZATION_PREFERS_STRING_CATALOGS = YES;
				MTL_ENABLE_DEBUG_INFO = INCLUDE_SOURCE;
				MTL_FAST_MATH = YES;
				ONLY_ACTIVE_ARCH = YES;
				SDKROOT = iphoneos;
				SWIFT_ACTIVE_COMPILATION_CONDITIONS = "DEBUG $(inherited)";
				SWIFT_OPTIMIZATION_LEVEL = "-Onone";
			};
			name = Debug;
		};
		86A664F32D8C4FC500837F5D /* Release */ = {
			isa = XCBuildConfiguration;
			buildSettings = {
				ALWAYS_SEARCH_USER_PATHS = NO;
				ASSETCATALOG_COMPILER_GENERATE_SWIFT_ASSET_SYMBOL_EXTENSIONS = YES;
				CLANG_ANALYZER_NONNULL = YES;
				CLANG_ANALYZER_NUMBER_OBJECT_CONVERSION = YES_AGGRESSIVE;
				CLANG_CXX_LANGUAGE_STANDARD = "gnu++20";
				CLANG_ENABLE_MODULES = YES;
				CLANG_ENABLE_OBJC_ARC = YES;
				CLANG_ENABLE_OBJC_WEAK = YES;
				CLANG_WARN_BLOCK_CAPTURE_AUTORELEASING = YES;
				CLANG_WARN_BOOL_CONVERSION = YES;
				CLANG_WARN_COMMA = YES;
				CLANG_WARN_CONSTANT_CONVERSION = YES;
				CLANG_WARN_DEPRECATED_OBJC_IMPLEMENTATIONS = YES;
				CLANG_WARN_DIRECT_OBJC_ISA_USAGE = YES_ERROR;
				CLANG_WARN_DOCUMENTATION_COMMENTS = YES;
				CLANG_WARN_EMPTY_BODY = YES;
				CLANG_WARN_ENUM_CONVERSION = YES;
				CLANG_WARN_INFINITE_RECURSION = YES;
				CLANG_WARN_INT_CONVERSION = YES;
				CLANG_WARN_NON_LITERAL_NULL_CONVERSION = YES;
				CLANG_WARN_OBJC_IMPLICIT_RETAIN_SELF = YES;
				CLANG_WARN_OBJC_LITERAL_CONVERSION = YES;
				CLANG_WARN_OBJC_ROOT_CLASS = YES_ERROR;
				CLANG_WARN_QUOTED_INCLUDE_IN_FRAMEWORK_HEADER = YES;
				CLANG_WARN_RANGE_LOOP_ANALYSIS = YES;
				CLANG_WARN_STRICT_PROTOTYPES = YES;
				CLANG_WARN_SUSPICIOUS_MOVE = YES;
				CLANG_WARN_UNGUARDED_AVAILABILITY = YES_AGGRESSIVE;
				CLANG_WARN_UNREACHABLE_CODE = YES;
				CLANG_WARN__DUPLICATE_METHOD_MATCH = YES;
				COPY_PHASE_STRIP = NO;
				DEBUG_INFORMATION_FORMAT = "dwarf-with-dsym";
				ENABLE_NS_ASSERTIONS = NO;
				ENABLE_STRICT_OBJC_MSGSEND = YES;
				ENABLE_USER_SCRIPT_SANDBOXING = NO;
				GCC_C_LANGUAGE_STANDARD = gnu17;
				GCC_NO_COMMON_BLOCKS = YES;
				GCC_WARN_64_TO_32_BIT_CONVERSION = YES;
				GCC_WARN_ABOUT_RETURN_TYPE = YES_ERROR;
				GCC_WARN_UNDECLARED_SELECTOR = YES;
				GCC_WARN_UNINITIALIZED_AUTOS = YES_AGGRESSIVE;
				GCC_WARN_UNUSED_FUNCTION = YES;
				GCC_WARN_UNUSED_VARIABLE = YES;
				IPHONEOS_DEPLOYMENT_TARGET = 18.0;
				LOCALIZATION_PREFERS_STRING_CATALOGS = YES;
				MTL_ENABLE_DEBUG_INFO = NO;
				MTL_FAST_MATH = YES;
				SDKROOT = iphoneos;
				SWIFT_COMPILATION_MODE = wholemodule;
				VALIDATE_PRODUCT = YES;
			};
			name = Release;
		};
/* End XCBuildConfiguration section */

/* Begin XCConfigurationList section */
		86A664D72D8C4FC300837F5D /* Build configuration list for PBXProject "JLPT ALL TEST" */ = {
			isa = XCConfigurationList;
			buildConfigurations = (
				86A664F22D8C4FC500837F5D /* Debug */,
				86A664F32D8C4FC500837F5D /* Release */,
			);
			defaultConfigurationIsVisible = 0;
			defaultConfigurationName = Release;
		};
		86A664EF2D8C4FC500837F5D /* Build configuration list for PBXNativeTarget "JLPT ALL TEST" */ = {
			isa = XCConfigurationList;
			buildConfigurations = (
				86A664F02D8C4FC500837F5D /* Debug */,
				86A664F12D8C4FC500837F5D /* Release */,
			);
			defaultConfigurationIsVisible = 0;
			defaultConfigurationName = Release;
		};
/* End XCConfigurationList section */
	};
	rootObject = 86A664D42D8C4FC300837F5D /* Project object */;
}
